
Microsoft Visual Studio Solution File, Format Version 12.00
# Visual Studio 14
VisualStudioVersion = 14.0.25123.0
MinimumVisualStudioVersion = 10.0.40219.1
Project("{888888A0-9F3D-457C-B088-3A5042F75D52}") = "fireplace", "fireplace.pyproj", "{DB3D45CD-08B6-4530-B879-3F54431FEDEF}"
EndProject
Project("{FAE04EC0-301F-11D3-BF4B-00C04F79EFBC}") = "FakeSelector", "fireplace\csharp\FakeSelector\FakeSelector.csproj", "{258BC4AE-3FBF-4720-8685-11CDBCDBD9C8}"
EndProject
Global
	GlobalSection(SolutionConfigurationPlatforms) = preSolution
		Debug|Any CPU = Debug|Any CPU
		Debug|x64 = Debug|x64
		Release|Any CPU = Release|Any CPU
		Release|x64 = Release|x64
	EndGlobalSection
	GlobalSection(ProjectConfigurationPlatforms) = postSolution
		{DB3D45CD-08B6-4530-B879-3F54431FEDEF}.Debug|Any CPU.ActiveCfg = Debug|Any CPU
		{DB3D45CD-08B6-4530-B879-3F54431FEDEF}.Debug|x64.ActiveCfg = Debug|Any CPU
		{DB3D45CD-08B6-4530-B879-3F54431FEDEF}.Release|Any CPU.ActiveCfg = Release|Any CPU
		{DB3D45CD-08B6-4530-B879-3F54431FEDEF}.Release|x64.ActiveCfg = Release|Any CPU
		{258BC4AE-3FBF-4720-8685-11CDBCDBD9C8}.Debug|Any CPU.ActiveCfg = Debug|Any CPU
		{258BC4AE-3FBF-4720-8685-11CDBCDBD9C8}.Debug|Any CPU.Build.0 = Debug|Any CPU
		{258BC4AE-3FBF-4720-8685-11CDBCDBD9C8}.Debug|x64.ActiveCfg = Debug|x64
		{258BC4AE-3FBF-4720-8685-11CDBCDBD9C8}.Debug|x64.Build.0 = Debug|x64
		{258BC4AE-3FBF-4720-8685-11CDBCDBD9C8}.Release|Any CPU.ActiveCfg = Release|Any CPU
		{258BC4AE-3FBF-4720-8685-11CDBCDBD9C8}.Release|Any CPU.Build.0 = Release|Any CPU
		{258BC4AE-3FBF-4720-8685-11CDBCDBD9C8}.Release|x64.ActiveCfg = Release|x64
		{258BC4AE-3FBF-4720-8685-11CDBCDBD9C8}.Release|x64.Build.0 = Release|x64
	EndGlobalSection
	GlobalSection(SolutionProperties) = preSolution
		HideSolutionNode = FALSE
	EndGlobalSection
EndGlobal
